{
  "originHash" : "96ba7f28e37e7e4c9c2caa8d9d17611a64940dc5e272f61a6e6e886be6ab6e69",
  "pins" : [
    {
      "identity" : "factory",
      "kind" : "remoteSourceControl",
      "location" : "https://github.com/hmlongco/Factory",
      "state" : {
        "revision" : "ccc898f21992ebc130bc04cc197460a5ae230bcf",
        "version" : "2.5.3"
      }
    },
    {
      "identity" : "kingfisher",
      "kind" : "remoteSourceControl",
      "location" : "https://github.com/onevcat/Kingfisher",
      "state" : {
        "revision" : "c152c1915f60c51e4afa0752656993ee5b3c63db",
        "version" : "8.8.1"
      }
    }
  ],
  "version" : 3
}
